
Microsoft Visual Studio Solution File, Format Version 12.00
# Visual Studio Version 17
VisualStudioVersion = 17.0.31919.166
MinimumVisualStudioVersion = 10.0.40219.1
Project("{FAE04EC0-301F-11D3-BF4B-00C04F79EFBC}") = "wetter_app_neu_console", "wetter_app_neu_console\wetter_app_neu_console.csproj", "{6CF6E56D-EFBF-4B78-9F2D-34D178BBAC6A}"
EndProject
Global
	GlobalSection(SolutionConfigurationPlatforms) = preSolution
		Debug|Any CPU = Debug|Any CPU
		Release|Any CPU = Release|Any CPU
	EndGlobalSection
	GlobalSection(ProjectConfigurationPlatforms) = postSolution
		{6CF6E56D-EFBF-4B78-9F2D-34D178BBAC6A}.Debug|Any CPU.ActiveCfg = Debug|Any CPU
		{6CF6E56D-EFBF-4B78-9F2D-34D178BBAC6A}.Debug|Any CPU.Build.0 = Debug|Any CPU
		{6CF6E56D-EFBF-4B78-9F2D-34D178BBAC6A}.Release|Any CPU.ActiveCfg = Release|Any CPU
		{6CF6E56D-EFBF-4B78-9F2D-34D178BBAC6A}.Release|Any CPU.Build.0 = Release|Any CPU
	EndGlobalSection
	GlobalSection(SolutionProperties) = preSolution
		HideSolutionNode = FALSE
	EndGlobalSection
	GlobalSection(ExtensibilityGlobals) = postSolution
		SolutionGuid = {8E5F3FFA-ACDE-4EDA-AF2E-7BBA295E4885}
	EndGlobalSection
EndGlobal
